
Microsoft Visual Studio Solution File, Format Version 12.00
# Visual Studio Version 16
VisualStudioVersion = 16.0.30907.101
MinimumVisualStudioVersion = 10.0.40219.1
Project("{9A19103F-16F7-4668-BE54-9A1E7A4F7556}") = "cSharpFizzBuzz", "thoughts\cSharpFizzBuzz.csproj", "{924F41C9-CB69-4BE3-9EB6-E3B17D669C60}"
EndProject
Project("{6EC3EE1D-3C4E-46DD-8F32-0CC8E7565705}") = "fSharpFizzBuzz", "fSharpFizzBuzz\fSharpFizzBuzz.fsproj", "{B5103688-ECA0-4E44-A969-238D280C3DD0}"
EndProject
Project("{888888A0-9F3D-457C-B088-3A5042F75D52}") = "pythonFizzBuzz", "pythonFizzBuzz\pythonFizzBuzz.pyproj", "{BC2A9C3F-DA0E-4FAF-BB2F-0CBB738CC22C}"
EndProject
Project("{9092AA53-FB77-4645-B42D-1CCCA6BD08BD}") = "JavaScriptFizzBuzz", "javaScriptFizzBuzz\JavaScriptFizzBuzz\JavaScriptFizzBuzz.njsproj", "{9BE7A5D2-D9F7-482E-83EC-92F8578DC762}"
EndProject
Project("{8BC9CEB8-8B4A-11D0-8D11-00A0C91BC942}") = "cPPFizzBuzz", "cPPFizzBuzz\cPPFizzBuzz.vcxproj", "{633339A3-C3C4-4EAA-8D57-D1C8A81BA816}"
EndProject
Global
	GlobalSection(SolutionConfigurationPlatforms) = preSolution
		Debug|Any CPU = Debug|Any CPU
		Debug|x64 = Debug|x64
		Debug|x86 = Debug|x86
		Release|Any CPU = Release|Any CPU
		Release|x64 = Release|x64
		Release|x86 = Release|x86
	EndGlobalSection
	GlobalSection(ProjectConfigurationPlatforms) = postSolution
		{924F41C9-CB69-4BE3-9EB6-E3B17D669C60}.Debug|Any CPU.ActiveCfg = Debug|Any CPU
		{924F41C9-CB69-4BE3-9EB6-E3B17D669C60}.Debug|Any CPU.Build.0 = Debug|Any CPU
		{924F41C9-CB69-4BE3-9EB6-E3B17D669C60}.Debug|x64.ActiveCfg = Debug|Any CPU
		{924F41C9-CB69-4BE3-9EB6-E3B17D669C60}.Debug|x64.Build.0 = Debug|Any CPU
		{924F41C9-CB69-4BE3-9EB6-E3B17D669C60}.Debug|x86.ActiveCfg = Debug|Any CPU
		{924F41C9-CB69-4BE3-9EB6-E3B17D669C60}.Debug|x86.Build.0 = Debug|Any CPU
		{924F41C9-CB69-4BE3-9EB6-E3B17D669C60}.Release|Any CPU.ActiveCfg = Release|Any CPU
		{924F41C9-CB69-4BE3-9EB6-E3B17D669C60}.Release|Any CPU.Build.0 = Release|Any CPU
		{924F41C9-CB69-4BE3-9EB6-E3B17D669C60}.Release|x64.ActiveCfg = Release|Any CPU
		{924F41C9-CB69-4BE3-9EB6-E3B17D669C60}.Release|x64.Build.0 = Release|Any CPU
		{924F41C9-CB69-4BE3-9EB6-E3B17D669C60}.Release|x86.ActiveCfg = Release|Any CPU
		{924F41C9-CB69-4BE3-9EB6-E3B17D669C60}.Release|x86.Build.0 = Release|Any CPU
		{B5103688-ECA0-4E44-A969-238D280C3DD0}.Debug|Any CPU.ActiveCfg = Debug|Any CPU
		{B5103688-ECA0-4E44-A969-238D280C3DD0}.Debug|Any CPU.Build.0 = Debug|Any CPU
		{B5103688-ECA0-4E44-A969-238D280C3DD0}.Debug|x64.ActiveCfg = Debug|Any CPU
		{B5103688-ECA0-4E44-A969-238D280C3DD0}.Debug|x64.Build.0 = Debug|Any CPU
		{B5103688-ECA0-4E44-A969-238D280C3DD0}.Debug|x86.ActiveCfg = Debug|Any CPU
		{B5103688-ECA0-4E44-A969-238D280C3DD0}.Debug|x86.Build.0 = Debug|Any CPU
		{B5103688-ECA0-4E44-A969-238D280C3DD0}.Release|Any CPU.ActiveCfg = Release|Any CPU
		{B5103688-ECA0-4E44-A969-238D280C3DD0}.Release|Any CPU.Build.0 = Release|Any CPU
		{B5103688-ECA0-4E44-A969-238D280C3DD0}.Release|x64.ActiveCfg = Release|Any CPU
		{B5103688-ECA0-4E44-A969-238D280C3DD0}.Release|x64.Build.0 = Release|Any CPU
		{B5103688-ECA0-4E44-A969-238D280C3DD0}.Release|x86.ActiveCfg = Release|Any CPU
		{B5103688-ECA0-4E44-A969-238D280C3DD0}.Release|x86.Build.0 = Release|Any CPU
		{BC2A9C3F-DA0E-4FAF-BB2F-0CBB738CC22C}.Debug|Any CPU.ActiveCfg = Debug|Any CPU
		{BC2A9C3F-DA0E-4FAF-BB2F-0CBB738CC22C}.Debug|x64.ActiveCfg = Debug|Any CPU
		{BC2A9C3F-DA0E-4FAF-BB2F-0CBB738CC22C}.Debug|x86.ActiveCfg = Debug|Any CPU
		{BC2A9C3F-DA0E-4FAF-BB2F-0CBB738CC22C}.Release|Any CPU.ActiveCfg = Release|Any CPU
		{BC2A9C3F-DA0E-4FAF-BB2F-0CBB738CC22C}.Release|x64.ActiveCfg = Release|Any CPU
		{BC2A9C3F-DA0E-4FAF-BB2F-0CBB738CC22C}.Release|x86.ActiveCfg = Release|Any CPU
		{9BE7A5D2-D9F7-482E-83EC-92F8578DC762}.Debug|Any CPU.ActiveCfg = Debug|Any CPU
		{9BE7A5D2-D9F7-482E-83EC-92F8578DC762}.Debug|Any CPU.Build.0 = Debug|Any CPU
		{9BE7A5D2-D9F7-482E-83EC-92F8578DC762}.Debug|x64.ActiveCfg = Debug|Any CPU
		{9BE7A5D2-D9F7-482E-83EC-92F8578DC762}.Debug|x64.Build.0 = Debug|Any CPU
		{9BE7A5D2-D9F7-482E-83EC-92F8578DC762}.Debug|x86.ActiveCfg = Debug|Any CPU
		{9BE7A5D2-D9F7-482E-83EC-92F8578DC762}.Debug|x86.Build.0 = Debug|Any CPU
		{9BE7A5D2-D9F7-482E-83EC-92F8578DC762}.Release|Any CPU.ActiveCfg = Release|Any CPU
		{9BE7A5D2-D9F7-482E-83EC-92F8578DC762}.Release|Any CPU.Build.0 = Release|Any CPU
		{9BE7A5D2-D9F7-482E-83EC-92F8578DC762}.Release|x64.ActiveCfg = Release|Any CPU
		{9BE7A5D2-D9F7-482E-83EC-92F8578DC762}.Release|x64.Build.0 = Release|Any CPU
		{9BE7A5D2-D9F7-482E-83EC-92F8578DC762}.Release|x86.ActiveCfg = Release|Any CPU
		{9BE7A5D2-D9F7-482E-83EC-92F8578DC762}.Release|x86.Build.0 = Release|Any CPU
		{633339A3-C3C4-4EAA-8D57-D1C8A81BA816}.Debug|Any CPU.ActiveCfg = Debug|x64
		{633339A3-C3C4-4EAA-8D57-D1C8A81BA816}.Debug|Any CPU.Build.0 = Debug|x64
		{633339A3-C3C4-4EAA-8D57-D1C8A81BA816}.Debug|x64.ActiveCfg = Debug|x64
		{633339A3-C3C4-4EAA-8D57-D1C8A81BA816}.Debug|x64.Build.0 = Debug|x64
		{633339A3-C3C4-4EAA-8D57-D1C8A81BA816}.Debug|x86.ActiveCfg = Debug|Win32
		{633339A3-C3C4-4EAA-8D57-D1C8A81BA816}.Debug|x86.Build.0 = Debug|Win32
		{633339A3-C3C4-4EAA-8D57-D1C8A81BA816}.Release|Any CPU.ActiveCfg = Release|Win32
		{633339A3-C3C4-4EAA-8D57-D1C8A81BA816}.Release|x64.ActiveCfg = Release|x64
		{633339A3-C3C4-4EAA-8D57-D1C8A81BA816}.Release|x64.Build.0 = Release|x64
		{633339A3-C3C4-4EAA-8D57-D1C8A81BA816}.Release|x86.ActiveCfg = Release|Win32
		{633339A3-C3C4-4EAA-8D57-D1C8A81BA816}.Release|x86.Build.0 = Release|Win32
	EndGlobalSection
	GlobalSection(SolutionProperties) = preSolution
		HideSolutionNode = FALSE
	EndGlobalSection
	GlobalSection(ExtensibilityGlobals) = postSolution
		SolutionGuid = {34FFE10F-D7ED-4190-B699-881568BB43DA}
	EndGlobalSection
EndGlobal
